# This file is generated by running "yarn install" inside your project.
# Manual changes might be lost - proceed with caution!

__metadata:
  version: 8
  cacheKey: 10c0

"typescript@npm:^5.7.3":
  version: 5.7.3
  resolution: "typescript@npm:5.7.3"
  bin:
    tsc: bin/tsc
    tsserver: bin/tsserver
  checksum: 10c0/b7580d716cf1824736cc6e628ab4cd8b51877408ba2be0869d2866da35ef8366dd6ae9eb9d0851470a39be17cbd61df1126f9e211d8799d764ea7431d5435afa
  languageName: node
  linkType: hard

"typescript@patch:typescript@npm%3A^5.7.3#optional!builtin<compat/typescript>":
  version: 5.7.3
  resolution: "typescript@patch:typescript@npm%3A5.7.3#optional!builtin<compat/typescript>::version=5.7.3&hash=5786d5"
  bin:
    tsc: bin/tsc
    tsserver: bin/tsserver
  checksum: 10c0/6fd7e0ed3bf23a81246878c613423730c40e8bdbfec4c6e4d7bf1b847cbb39076e56ad5f50aa9d7ebd89877999abaee216002d3f2818885e41c907caaa192cc4
  languageName: node
  linkType: hard

"vscode-java-configs@workspace:.":
  version: 0.0.0-use.local
  resolution: "vscode-java-configs@workspace:."
  dependencies:
    typescript: "npm:^5.7.3"
  languageName: unknown
  linkType: soft
